
Microsoft Visual Studio Solution File, Format Version 12.00
# Visual Studio Version 17
VisualStudioVersion = 17.4.33122.133
MinimumVisualStudioVersion = 10.0.40219.1
Project("{FAE04EC0-301F-11D3-BF4B-00C04F79EFBC}") = "LogicalProgram", "LogicalProgram\LogicalProgram.csproj", "{DEF1C598-CD0A-476C-A9EA-A629768356CB}"
EndProject
Global
	GlobalSection(SolutionConfigurationPlatforms) = preSolution
		Debug|Any CPU = Debug|Any CPU
		Release|Any CPU = Release|Any CPU
	EndGlobalSection
	GlobalSection(ProjectConfigurationPlatforms) = postSolution
		{DEF1C598-CD0A-476C-A9EA-A629768356CB}.Debug|Any CPU.ActiveCfg = Debug|Any CPU
		{DEF1C598-CD0A-476C-A9EA-A629768356CB}.Debug|Any CPU.Build.0 = Debug|Any CPU
		{DEF1C598-CD0A-476C-A9EA-A629768356CB}.Release|Any CPU.ActiveCfg = Release|Any CPU
		{DEF1C598-CD0A-476C-A9EA-A629768356CB}.Release|Any CPU.Build.0 = Release|Any CPU
	EndGlobalSection
	GlobalSection(SolutionProperties) = preSolution
		HideSolutionNode = FALSE
	EndGlobalSection
	GlobalSection(ExtensibilityGlobals) = postSolution
		SolutionGuid = {6ACC6DB4-9FE5-404C-83AD-C7B6584C4D5C}
	EndGlobalSection
EndGlobal
